// !$*UTF8*$!
{
	archiveVersion = 1;
	classes = {
	};
	objectVersion = 56;
	objects = {

/* Begin PBXBuildFile section */
		2163A0062DB9FA8400748106 /* WelcomeView.swift in Sources */ = {isa = PBXBuildFile; fileRef = 2163A0052DB9FA7B00748106 /* WelcomeView.swift */; };
		2163A00A2DBA09C800748106 /* LoginView.swift in Sources */ = {isa = PBXBuildFile; fileRef = 2163A0092DBA09C800748106 /* LoginView.swift */; };
		21BA7E932D61B36B008EE413 /* PropifyManagerApp.swift in Sources */ = {isa = PBXBuildFile; fileRef = 21BA7E922D61B36B008EE413 /* PropifyManagerApp.swift */; };
		21BA7E952D61B36B008EE413 /* ContentView.swift in Sources */ = {isa = PBXBuildFile; fileRef = 21BA7E942D61B36B008EE413 /* ContentView.swift */; };
		21BA7E972D61B36C008EE413 /* Assets.xcassets in Resources */ = {isa = PBXBuildFile; fileRef = 21BA7E962D61B36C008EE413 /* Assets.xcassets */; };
		21BA7E9A2D61B36C008EE413 /* Preview Assets.xcassets in Resources */ = {isa = PBXBuildFile; fileRef = 21BA7E992D61B36C008EE413 /* Preview Assets.xcassets */; };
		21BA7EA42D61B36C008EE413 /* PropifyManagerTests.swift in Sources */ = {isa = PBXBuildFile; fileRef = 21BA7EA32D61B36C008EE413 /* PropifyManagerTests.swift */; };
		21BA7EAE2D61B36C008EE413 /* PropifyManagerUITests.swift in Sources */ = {isa = PBXBuildFile; fileRef = 21BA7EAD2D61B36C008EE413 /* PropifyManagerUITests.swift */; };
		21BA7EB02D61B36C008EE413 /* PropifyManagerUITestsLaunchTests.swift in Sources */ = {isa = PBXBuildFile; fileRef = 21BA7EAF2D61B36C008EE413 /* PropifyManagerUITestsLaunchTests.swift */; };
		21BA7EDC2D61B39C008EE413 /* PaymentsDashboard.swift in Sources */ = {isa = PBXBuildFile; fileRef = 21BA7EBC2D61B39B008EE413 /* PaymentsDashboard.swift */; };
		21BA7EDD2D61B39C008EE413 /* GoogleService-Info.plist in Resources */ = {isa = PBXBuildFile; fileRef = 21BA7EBF2D61B39B008EE413 /* GoogleService-Info.plist */; };
		21BA7EDE2D61B39C008EE413 /* Tenant.swift in Sources */ = {isa = PBXBuildFile; fileRef = 21BA7EC02D61B39C008EE413 /* Tenant.swift */; };
		21BA7EDF2D61B39C008EE413 /* TenantDashBoardView.swift in Sources */ = {isa = PBXBuildFile; fileRef = 21BA7EC22D61B39C008EE413 /* TenantDashBoardView.swift */; };
		21BA7EE02D61B39C008EE413 /* AppViewModel.swift in Sources */ = {isa = PBXBuildFile; fileRef = 21BA7EC42D61B39C008EE413 /* AppViewModel.swift */; };
		21BA7EE12D61B39C008EE413 /* AddTenant.swift in Sources */ = {isa = PBXBuildFile; fileRef = 21BA7EC92D61B39C008EE413 /* AddTenant.swift */; };
		21BA7EE22D61B39C008EE413 /* ContractView.swift in Sources */ = {isa = PBXBuildFile; fileRef = 21BA7ECB2D61B39C008EE413 /* ContractView.swift */; };
		21BA7EE32D61B39C008EE413 /* EditDetailView.swift in Sources */ = {isa = PBXBuildFile; fileRef = 21BA7ECE2D61B39C008EE413 /* EditDetailView.swift */; };
		21BA7EE42D61B39C008EE413 /* TenantDetailView.swift in Sources */ = {isa = PBXBuildFile; fileRef = 21BA7ED32D61B39C008EE413 /* TenantDetailView.swift */; };
		21BA7EE52D61B39C008EE413 /* PaymentTicketView.swift in Sources */ = {isa = PBXBuildFile; fileRef = 21BA7ED72D61B39C008EE413 /* PaymentTicketView.swift */; };
		21BA7EE82D61B412008EE413 /* FirebaseAnalytics in Frameworks */ = {isa = PBXBuildFile; productRef = 21BA7EE72D61B412008EE413 /* FirebaseAnalytics */; };
		21BA7EEA2D61B412008EE413 /* FirebaseCrashlytics in Frameworks */ = {isa = PBXBuildFile; productRef = 21BA7EE92D61B412008EE413 /* FirebaseCrashlytics */; };
		21BA7EEC2D61B412008EE413 /* FirebaseDatabase in Frameworks */ = {isa = PBXBuildFile; productRef = 21BA7EEB2D61B412008EE413 /* FirebaseDatabase */; };
		21BA7EEE2D61B412008EE413 /* FirebaseFirestore in Frameworks */ = {isa = PBXBuildFile; productRef = 21BA7EED2D61B412008EE413 /* FirebaseFirestore */; };
		21BA7EF02D65113B008EE413 /* AddTenantViewModel.swift in Sources */ = {isa = PBXBuildFile; fileRef = 21BA7EEF2D65113B008EE413 /* AddTenantViewModel.swift */; };
/* End PBXBuildFile section */

/* Begin PBXContainerItemProxy section */
		21BA7EA02D61B36C008EE413 /* PBXContainerItemProxy */ = {
			isa = PBXContainerItemProxy;
			containerPortal = 21BA7E872D61B36B008EE413 /* Project object */;
			proxyType = 1;
			remoteGlobalIDString = 21BA7E8E2D61B36B008EE413;
			remoteInfo = PropifyManager;
		};
		21BA7EAA2D61B36C008EE413 /* PBXContainerItemProxy */ = {
			isa = PBXContainerItemProxy;
			containerPortal = 21BA7E872D61B36B008EE413 /* Project object */;
			proxyType = 1;
			remoteGlobalIDString = 21BA7E8E2D61B36B008EE413;
			remoteInfo = PropifyManager;
		};
/* End PBXContainerItemProxy section */

/* Begin PBXFileReference section */
		2163A0052DB9FA7B00748106 /* WelcomeView.swift */ = {isa = PBXFileReference; lastKnownFileType = sourcecode.swift; path = WelcomeView.swift; sourceTree = "<group>"; };
		2163A0092DBA09C800748106 /* LoginView.swift */ = {isa = PBXFileReference; lastKnownFileType = sourcecode.swift; path = LoginView.swift; sourceTree = "<group>"; };
		21BA7E8F2D61B36B008EE413 /* PropifyManager.app */ = {isa = PBXFileReference; explicitFileType = wrapper.application; includeInIndex = 0; path = PropifyManager.app; sourceTree = BUILT_PRODUCTS_DIR; };
		21BA7E922D61B36B008EE413 /* PropifyManagerApp.swift */ = {isa = PBXFileReference; lastKnownFileType = sourcecode.swift; path = PropifyManagerApp.swift; sourceTree = "<group>"; };
		21BA7E942D61B36B008EE413 /* ContentView.swift */ = {isa = PBXFileReference; lastKnownFileType = sourcecode.swift; path = ContentView.swift; sourceTree = "<group>"; };
		21BA7E962D61B36C008EE413 /* Assets.xcassets */ = {isa = PBXFileReference; lastKnownFileType = folder.assetcatalog; path = Assets.xcassets; sourceTree = "<group>"; };
		21BA7E992D61B36C008EE413 /* Preview Assets.xcassets */ = {isa = PBXFileReference; lastKnownFileType = folder.assetcatalog; path = "Preview Assets.xcassets"; sourceTree = "<group>"; };
		21BA7E9F2D61B36C008EE413 /* PropifyManagerTests.xctest */ = {isa = PBXFileReference; explicitFileType = wrapper.cfbundle; includeInIndex = 0; path = PropifyManagerTests.xctest; sourceTree = BUILT_PRODUCTS_DIR; };
		21BA7EA32D61B36C008EE413 /* PropifyManagerTests.swift */ = {isa = PBXFileReference; lastKnownFileType = sourcecode.swift; path = PropifyManagerTests.swift; sourceTree = "<group>"; };
		21BA7EA92D61B36C008EE413 /* PropifyManagerUITests.xctest */ = {isa = PBXFileReference; explicitFileType = wrapper.cfbundle; includeInIndex = 0; path = PropifyManagerUITests.xctest; sourceTree = BUILT_PRODUCTS_DIR; };
		21BA7EAD2D61B36C008EE413 /* PropifyManagerUITests.swift */ = {isa = PBXFileReference; lastKnownFileType = sourcecode.swift; path = PropifyManagerUITests.swift; sourceTree = "<group>"; };
		21BA7EAF2D61B36C008EE413 /* PropifyManagerUITestsLaunchTests.swift */ = {isa = PBXFileReference; lastKnownFileType = sourcecode.swift; path = PropifyManagerUITestsLaunchTests.swift; sourceTree = "<group>"; };
		21BA7EBC2D61B39B008EE413 /* PaymentsDashboard.swift */ = {isa = PBXFileReference; fileEncoding = 4; lastKnownFileType = sourcecode.swift; path = PaymentsDashboard.swift; sourceTree = "<group>"; };
		21BA7EBF2D61B39B008EE413 /* GoogleService-Info.plist */ = {isa = PBXFileReference; fileEncoding = 4; lastKnownFileType = text.plist.xml; path = "GoogleService-Info.plist"; sourceTree = "<group>"; };
		21BA7EC02D61B39C008EE413 /* Tenant.swift */ = {isa = PBXFileReference; fileEncoding = 4; lastKnownFileType = sourcecode.swift; path = Tenant.swift; sourceTree = "<group>"; };
		21BA7EC22D61B39C008EE413 /* TenantDashBoardView.swift */ = {isa = PBXFileReference; fileEncoding = 4; lastKnownFileType = sourcecode.swift; path = TenantDashBoardView.swift; sourceTree = "<group>"; };
		21BA7EC42D61B39C008EE413 /* AppViewModel.swift */ = {isa = PBXFileReference; fileEncoding = 4; lastKnownFileType = sourcecode.swift; path = AppViewModel.swift; sourceTree = "<group>"; };
		21BA7EC92D61B39C008EE413 /* AddTenant.swift */ = {isa = PBXFileReference; fileEncoding = 4; lastKnownFileType = sourcecode.swift; path = AddTenant.swift; sourceTree = "<group>"; };
		21BA7ECB2D61B39C008EE413 /* ContractView.swift */ = {isa = PBXFileReference; fileEncoding = 4; lastKnownFileType = sourcecode.swift; path = ContractView.swift; sourceTree = "<group>"; };
		21BA7ECE2D61B39C008EE413 /* EditDetailView.swift */ = {isa = PBXFileReference; fileEncoding = 4; lastKnownFileType = sourcecode.swift; path = EditDetailView.swift; sourceTree = "<group>"; };
		21BA7ED32D61B39C008EE413 /* TenantDetailView.swift */ = {isa = PBXFileReference; fileEncoding = 4; lastKnownFileType = sourcecode.swift; path = TenantDetailView.swift; sourceTree = "<group>"; };
		21BA7ED72D61B39C008EE413 /* PaymentTicketView.swift */ = {isa = PBXFileReference; fileEncoding = 4; lastKnownFileType = sourcecode.swift; path = PaymentTicketView.swift; sourceTree = "<group>"; };
		21BA7EEF2D65113B008EE413 /* AddTenantViewModel.swift */ = {isa = PBXFileReference; lastKnownFileType = sourcecode.swift; path = AddTenantViewModel.swift; sourceTree = "<group>"; };
/* End PBXFileReference section */

/* Begin PBXFrameworksBuildPhase section */
		21BA7E8C2D61B36B008EE413 /* Frameworks */ = {
			isa = PBXFrameworksBuildPhase;
			buildActionMask = 2147483647;
			files = (
				21BA7EEC2D61B412008EE413 /* FirebaseDatabase in Frameworks */,
				21BA7EEE2D61B412008EE413 /* FirebaseFirestore in Frameworks */,
				21BA7EE82D61B412008EE413 /* FirebaseAnalytics in Frameworks */,
				21BA7EEA2D61B412008EE413 /* FirebaseCrashlytics in Frameworks */,
			);
			runOnlyForDeploymentPostprocessing = 0;
		};
		21BA7E9C2D61B36C008EE413 /* Frameworks */ = {
			isa = PBXFrameworksBuildPhase;
			buildActionMask = 2147483647;
			files = (
			);
			runOnlyForDeploymentPostprocessing = 0;
		};
		21BA7EA62D61B36C008EE413 /* Frameworks */ = {
			isa = PBXFrameworksBuildPhase;
			buildActionMask = 2147483647;
			files = (
			);
			runOnlyForDeploymentPostprocessing = 0;
		};
/* End PBXFrameworksBuildPhase section */

/* Begin PBXGroup section */
		2163A0042DB9FA6C00748106 /* Welcome */ = {
			isa = PBXGroup;
			children = (
				2163A0052DB9FA7B00748106 /* WelcomeView.swift */,
				2163A0092DBA09C800748106 /* LoginView.swift */,
			);
			path = Welcome;
			sourceTree = "<group>";
		};
		2163A00D2DBA0BBC00748106 /* Models */ = {
			isa = PBXGroup;
			children = (
			);
			path = Models;
			sourceTree = "<group>";
		};
		2163A00E2DBA0BC300748106 /* ViewModels */ = {
			isa = PBXGroup;
			children = (
			);
			path = ViewModels;
			sourceTree = "<group>";
		};
		2163A00F2DBA0BCE00748106 /* Views */ = {
			isa = PBXGroup;
			children = (
			);
			path = Views;
			sourceTree = "<group>";
		};
		2163A0102DBA0BD600748106 /* Services */ = {
			isa = PBXGroup;
			children = (
			);
			path = Services;
			sourceTree = "<group>";
		};
		2163A0112DBA0BDF00748106 /* Utils */ = {
			isa = PBXGroup;
			children = (
			);
			path = Utils;
			sourceTree = "<group>";
		};
		2163A0122DBA0BEE00748106 /* App */ = {
			isa = PBXGroup;
			children = (
				21BA7E922D61B36B008EE413 /* PropifyManagerApp.swift */,
				21BA7EC42D61B39C008EE413 /* AppViewModel.swift */,
				21BA7E942D61B36B008EE413 /* ContentView.swift */,
			);
			path = App;
			sourceTree = "<group>";
		};
		21BA7E862D61B36B008EE413 = {
			isa = PBXGroup;
			children = (
				21BA7E912D61B36B008EE413 /* PropifyManager */,
				21BA7EA22D61B36C008EE413 /* PropifyManagerTests */,
				21BA7EAC2D61B36C008EE413 /* PropifyManagerUITests */,
				21BA7E902D61B36B008EE413 /* Products */,
			);
			sourceTree = "<group>";
		};
		21BA7E902D61B36B008EE413 /* Products */ = {
			isa = PBXGroup;
			children = (
				21BA7E8F2D61B36B008EE413 /* PropifyManager.app */,
				21BA7E9F2D61B36C008EE413 /* PropifyManagerTests.xctest */,
				21BA7EA92D61B36C008EE413 /* PropifyManagerUITests.xctest */,
			);
			name = Products;
			sourceTree = "<group>";
		};
		21BA7E912D61B36B008EE413 /* PropifyManager */ = {
			isa = PBXGroup;
			children = (
				2163A0122DBA0BEE00748106 /* App */,
				2163A0112DBA0BDF00748106 /* Utils */,
				2163A0102DBA0BD600748106 /* Services */,
				2163A00F2DBA0BCE00748106 /* Views */,
				2163A00E2DBA0BC300748106 /* ViewModels */,
				2163A00D2DBA0BBC00748106 /* Models */,
				2163A0042DB9FA6C00748106 /* Welcome */,
				21BA7EBE2D61B39B008EE413 /* InmueblesDashboard */,
				21BA7EC72D61B39C008EE413 /* MainDashboard */,
				21BA7EBD2D61B39B008EE413 /* PaymentsDashboard */,
				21BA7EC82D61B39C008EE413 /* ReportesDashboard */,
				21BA7EDB2D61B39C008EE413 /* TenantDashboard */,
				21BA7E962D61B36C008EE413 /* Assets.xcassets */,
				21BA7EBF2D61B39B008EE413 /* GoogleService-Info.plist */,
				21BA7E982D61B36C008EE413 /* Preview Content */,
			);
			path = PropifyManager;
			sourceTree = "<group>";
		};
		21BA7E982D61B36C008EE413 /* Preview Content */ = {
			isa = PBXGroup;
			children = (
				21BA7E992D61B36C008EE413 /* Preview Assets.xcassets */,
			);
			path = "Preview Content";
			sourceTree = "<group>";
		};
		21BA7EA22D61B36C008EE413 /* PropifyManagerTests */ = {
			isa = PBXGroup;
			children = (
				21BA7EA32D61B36C008EE413 /* PropifyManagerTests.swift */,
			);
			path = PropifyManagerTests;
			sourceTree = "<group>";
		};
		21BA7EAC2D61B36C008EE413 /* PropifyManagerUITests */ = {
			isa = PBXGroup;
			children = (
				21BA7EAD2D61B36C008EE413 /* PropifyManagerUITests.swift */,
				21BA7EAF2D61B36C008EE413 /* PropifyManagerUITestsLaunchTests.swift */,
			);
			path = PropifyManagerUITests;
			sourceTree = "<group>";
		};
		21BA7EBD2D61B39B008EE413 /* PaymentsDashboard */ = {
			isa = PBXGroup;
			children = (
				21BA7EBC2D61B39B008EE413 /* PaymentsDashboard.swift */,
			);
			path = PaymentsDashboard;
			sourceTree = "<group>";
		};
		21BA7EBE2D61B39B008EE413 /* InmueblesDashboard */ = {
			isa = PBXGroup;
			children = (
			);
			path = InmueblesDashboard;
			sourceTree = "<group>";
		};
		21BA7EC12D61B39C008EE413 /* Model */ = {
			isa = PBXGroup;
			children = (
				21BA7EC02D61B39C008EE413 /* Tenant.swift */,
			);
			path = Model;
			sourceTree = "<group>";
		};
		21BA7EC32D61B39C008EE413 /* View */ = {
			isa = PBXGroup;
			children = (
				21BA7EC22D61B39C008EE413 /* TenantDashBoardView.swift */,
			);
			path = View;
			sourceTree = "<group>";
		};
		21BA7EC52D61B39C008EE413 /* ViewModel */ = {
			isa = PBXGroup;
			children = (
			);
			path = ViewModel;
			sourceTree = "<group>";
		};
		21BA7EC62D61B39C008EE413 /* TenantList */ = {
			isa = PBXGroup;
			children = (
				21BA7EC12D61B39C008EE413 /* Model */,
				21BA7EC32D61B39C008EE413 /* View */,
				21BA7EC52D61B39C008EE413 /* ViewModel */,
			);
			path = TenantList;
			sourceTree = "<group>";
		};
		21BA7EC72D61B39C008EE413 /* MainDashboard */ = {
			isa = PBXGroup;
			children = (
				21BA7EC62D61B39C008EE413 /* TenantList */,
			);
			path = MainDashboard;
			sourceTree = "<group>";
		};
		21BA7EC82D61B39C008EE413 /* ReportesDashboard */ = {
			isa = PBXGroup;
			children = (
			);
			path = ReportesDashboard;
			sourceTree = "<group>";
		};
		21BA7ECA2D61B39C008EE413 /* AddTenant */ = {
			isa = PBXGroup;
			children = (
				21BA7EC92D61B39C008EE413 /* AddTenant.swift */,
				21BA7EEF2D65113B008EE413 /* AddTenantViewModel.swift */,
			);
			path = AddTenant;
			sourceTree = "<group>";
		};
		21BA7ECC2D61B39C008EE413 /* ContractView */ = {
			isa = PBXGroup;
			children = (
				21BA7ECB2D61B39C008EE413 /* ContractView.swift */,
			);
			path = ContractView;
			sourceTree = "<group>";
		};
		21BA7ECD2D61B39C008EE413 /* Model */ = {
			isa = PBXGroup;
			children = (
			);
			path = Model;
			sourceTree = "<group>";
		};
		21BA7ECF2D61B39C008EE413 /* View */ = {
			isa = PBXGroup;
			children = (
				21BA7ECE2D61B39C008EE413 /* EditDetailView.swift */,
			);
			path = View;
			sourceTree = "<group>";
		};
		21BA7ED02D61B39C008EE413 /* ViewModel */ = {
			isa = PBXGroup;
			children = (
			);
			path = ViewModel;
			sourceTree = "<group>";
		};
		21BA7ED12D61B39C008EE413 /* EditTenantInformationModule */ = {
			isa = PBXGroup;
			children = (
				21BA7ECD2D61B39C008EE413 /* Model */,
				21BA7ECF2D61B39C008EE413 /* View */,
				21BA7ED02D61B39C008EE413 /* ViewModel */,
			);
			path = EditTenantInformationModule;
			sourceTree = "<group>";
		};
		21BA7ED22D61B39C008EE413 /* Model */ = {
			isa = PBXGroup;
			children = (
			);
			path = Model;
			sourceTree = "<group>";
		};
		21BA7ED42D61B39C008EE413 /* View */ = {
			isa = PBXGroup;
			children = (
				21BA7ED32D61B39C008EE413 /* TenantDetailView.swift */,
			);
			path = View;
			sourceTree = "<group>";
		};
		21BA7ED52D61B39C008EE413 /* TenantDetailView */ = {
			isa = PBXGroup;
			children = (
				21BA7ED22D61B39C008EE413 /* Model */,
				21BA7ED42D61B39C008EE413 /* View */,
			);
			path = TenantDetailView;
			sourceTree = "<group>";
		};
		21BA7ED62D61B39C008EE413 /* Model */ = {
			isa = PBXGroup;
			children = (
			);
			path = Model;
			sourceTree = "<group>";
		};
		21BA7ED82D61B39C008EE413 /* View */ = {
			isa = PBXGroup;
			children = (
				21BA7ED72D61B39C008EE413 /* PaymentTicketView.swift */,
			);
			path = View;
			sourceTree = "<group>";
		};
		21BA7ED92D61B39C008EE413 /* ViewModel */ = {
			isa = PBXGroup;
			children = (
			);
			path = ViewModel;
			sourceTree = "<group>";
		};
		21BA7EDA2D61B39C008EE413 /* TicketOfPaymentModule */ = {
			isa = PBXGroup;
			children = (
				21BA7ED62D61B39C008EE413 /* Model */,
				21BA7ED82D61B39C008EE413 /* View */,
				21BA7ED92D61B39C008EE413 /* ViewModel */,
			);
			path = TicketOfPaymentModule;
			sourceTree = "<group>";
		};
		21BA7EDB2D61B39C008EE413 /* TenantDashboard */ = {
			isa = PBXGroup;
			children = (
				21BA7ECA2D61B39C008EE413 /* AddTenant */,
				21BA7ECC2D61B39C008EE413 /* ContractView */,
				21BA7ED12D61B39C008EE413 /* EditTenantInformationModule */,
				21BA7ED52D61B39C008EE413 /* TenantDetailView */,
				21BA7EDA2D61B39C008EE413 /* TicketOfPaymentModule */,
			);
			path = TenantDashboard;
			sourceTree = "<group>";
		};
/* End PBXGroup section */

/* Begin PBXNativeTarget section */
		21BA7E8E2D61B36B008EE413 /* PropifyManager */ = {
			isa = PBXNativeTarget;
			buildConfigurationList = 21BA7EB32D61B36C008EE413 /* Build configuration list for PBXNativeTarget "PropifyManager" */;
			buildPhases = (
				21BA7E8B2D61B36B008EE413 /* Sources */,
				21BA7E8C2D61B36B008EE413 /* Frameworks */,
				21BA7E8D2D61B36B008EE413 /* Resources */,
			);
			buildRules = (
			);
			dependencies = (
			);
			name = PropifyManager;
			packageProductDependencies = (
				21BA7EE72D61B412008EE413 /* FirebaseAnalytics */,
				21BA7EE92D61B412008EE413 /* FirebaseCrashlytics */,
				21BA7EEB2D61B412008EE413 /* FirebaseDatabase */,
				21BA7EED2D61B412008EE413 /* FirebaseFirestore */,
			);
			productName = PropifyManager;
			productReference = 21BA7E8F2D61B36B008EE413 /* PropifyManager.app */;
			productType = "com.apple.product-type.application";
		};
		21BA7E9E2D61B36C008EE413 /* PropifyManagerTests */ = {
			isa = PBXNativeTarget;
			buildConfigurationList = 21BA7EB62D61B36C008EE413 /* Build configuration list for PBXNativeTarget "PropifyManagerTests" */;
			buildPhases = (
				21BA7E9B2D61B36C008EE413 /* Sources */,
				21BA7E9C2D61B36C008EE413 /* Frameworks */,
				21BA7E9D2D61B36C008EE413 /* Resources */,
			);
			buildRules = (
			);
			dependencies = (
				21BA7EA12D61B36C008EE413 /* PBXTargetDependency */,
			);
			name = PropifyManagerTests;
			productName = PropifyManagerTests;
			productReference = 21BA7E9F2D61B36C008EE413 /* PropifyManagerTests.xctest */;
			productType = "com.apple.product-type.bundle.unit-test";
		};
		21BA7EA82D61B36C008EE413 /* PropifyManagerUITests */ = {
			isa = PBXNativeTarget;
			buildConfigurationList = 21BA7EB92D61B36C008EE413 /* Build configuration list for PBXNativeTarget "PropifyManagerUITests" */;
			buildPhases = (
				21BA7EA52D61B36C008EE413 /* Sources */,
				21BA7EA62D61B36C008EE413 /* Frameworks */,
				21BA7EA72D61B36C008EE413 /* Resources */,
			);
			buildRules = (
			);
			dependencies = (
				21BA7EAB2D61B36C008EE413 /* PBXTargetDependency */,
			);
			name = PropifyManagerUITests;
			productName = PropifyManagerUITests;
			productReference = 21BA7EA92D61B36C008EE413 /* PropifyManagerUITests.xctest */;
			productType = "com.apple.product-type.bundle.ui-testing";
		};
/* End PBXNativeTarget section */

/* Begin PBXProject section */
		21BA7E872D61B36B008EE413 /* Project object */ = {
			isa = PBXProject;
			attributes = {
				BuildIndependentTargetsInParallel = 1;
				LastSwiftUpdateCheck = 1540;
				LastUpgradeCheck = 1540;
				TargetAttributes = {
					21BA7E8E2D61B36B008EE413 = {
						CreatedOnToolsVersion = 15.4;
					};
					21BA7E9E2D61B36C008EE413 = {
						CreatedOnToolsVersion = 15.4;
						TestTargetID = 21BA7E8E2D61B36B008EE413;
					};
					21BA7EA82D61B36C008EE413 = {
						CreatedOnToolsVersion = 15.4;
						TestTargetID = 21BA7E8E2D61B36B008EE413;
					};
				};
			};
			buildConfigurationList = 21BA7E8A2D61B36B008EE413 /* Build configuration list for PBXProject "PropifyManager" */;
			compatibilityVersion = "Xcode 14.0";
			developmentRegion = en;
			hasScannedForEncodings = 0;
			knownRegions = (
				en,
				Base,
			);
			mainGroup = 21BA7E862D61B36B008EE413;
			packageReferences = (
				21BA7EE62D61B412008EE413 /* XCRemoteSwiftPackageReference "firebase-ios-sdk" */,
			);
			productRefGroup = 21BA7E902D61B36B008EE413 /* Products */;
			projectDirPath = "";
			projectRoot = "";
			targets = (
				21BA7E8E2D61B36B008EE413 /* PropifyManager */,
				21BA7E9E2D61B36C008EE413 /* PropifyManagerTests */,
				21BA7EA82D61B36C008EE413 /* PropifyManagerUITests */,
			);
		};
/* End PBXProject section */

/* Begin PBXResourcesBuildPhase section */
		21BA7E8D2D61B36B008EE413 /* Resources */ = {
			isa = PBXResourcesBuildPhase;
			buildActionMask = 2147483647;
			files = (
				21BA7E9A2D61B36C008EE413 /* Preview Assets.xcassets in Resources */,
				21BA7E972D61B36C008EE413 /* Assets.xcassets in Resources */,
				21BA7EDD2D61B39C008EE413 /* GoogleService-Info.plist in Resources */,
			);
			runOnlyForDeploymentPostprocessing = 0;
		};
		21BA7E9D2D61B36C008EE413 /* Resources */ = {
			isa = PBXResourcesBuildPhase;
			buildActionMask = 2147483647;
			files = (
			);
			runOnlyForDeploymentPostprocessing = 0;
		};
		21BA7EA72D61B36C008EE413 /* Resources */ = {
			isa = PBXResourcesBuildPhase;
			buildActionMask = 2147483647;
			files = (
			);
			runOnlyForDeploymentPostprocessing = 0;
		};
/* End PBXResourcesBuildPhase section */

/* Begin PBXSourcesBuildPhase section */
		21BA7E8B2D61B36B008EE413 /* Sources */ = {
			isa = PBXSourcesBuildPhase;
			buildActionMask = 2147483647;
			files = (
				21BA7EE12D61B39C008EE413 /* AddTenant.swift in Sources */,
				21BA7EE52D61B39C008EE413 /* PaymentTicketView.swift in Sources */,
				21BA7EE42D61B39C008EE413 /* TenantDetailView.swift in Sources */,
				21BA7E952D61B36B008EE413 /* ContentView.swift in Sources */,
				21BA7EDF2D61B39C008EE413 /* TenantDashBoardView.swift in Sources */,
				21BA7EE32D61B39C008EE413 /* EditDetailView.swift in Sources */,
				21BA7EF02D65113B008EE413 /* AddTenantViewModel.swift in Sources */,
				2163A0062DB9FA8400748106 /* WelcomeView.swift in Sources */,
				2163A00A2DBA09C800748106 /* LoginView.swift in Sources */,
				21BA7EDE2D61B39C008EE413 /* Tenant.swift in Sources */,
				21BA7E932D61B36B008EE413 /* PropifyManagerApp.swift in Sources */,
				21BA7EE02D61B39C008EE413 /* AppViewModel.swift in Sources */,
				21BA7EE22D61B39C008EE413 /* ContractView.swift in Sources */,
				21BA7EDC2D61B39C008EE413 /* PaymentsDashboard.swift in Sources */,
			);
			runOnlyForDeploymentPostprocessing = 0;
		};
		21BA7E9B2D61B36C008EE413 /* Sources */ = {
			isa = PBXSourcesBuildPhase;
			buildActionMask = 2147483647;
			files = (
				21BA7EA42D61B36C008EE413 /* PropifyManagerTests.swift in Sources */,
			);
			runOnlyForDeploymentPostprocessing = 0;
		};
		21BA7EA52D61B36C008EE413 /* Sources */ = {
			isa = PBXSourcesBuildPhase;
			buildActionMask = 2147483647;
			files = (
				21BA7EB02D61B36C008EE413 /* PropifyManagerUITestsLaunchTests.swift in Sources */,
				21BA7EAE2D61B36C008EE413 /* PropifyManagerUITests.swift in Sources */,
			);
			runOnlyForDeploymentPostprocessing = 0;
		};
/* End PBXSourcesBuildPhase section */

/* Begin PBXTargetDependency section */
		21BA7EA12D61B36C008EE413 /* PBXTargetDependency */ = {
			isa = PBXTargetDependency;
			target = 21BA7E8E2D61B36B008EE413 /* PropifyManager */;
			targetProxy = 21BA7EA02D61B36C008EE413 /* PBXContainerItemProxy */;
		};
		21BA7EAB2D61B36C008EE413 /* PBXTargetDependency */ = {
			isa = PBXTargetDependency;
			target = 21BA7E8E2D61B36B008EE413 /* PropifyManager */;
			targetProxy = 21BA7EAA2D61B36C008EE413 /* PBXContainerItemProxy */;
		};
/* End PBXTargetDependency section */

/* Begin XCBuildConfiguration section */
		21BA7EB12D61B36C008EE413 /* Debug */ = {
			isa = XCBuildConfiguration;
			buildSettings = {
				ALWAYS_SEARCH_USER_PATHS = NO;
				ASSETCATALOG_COMPILER_GENERATE_SWIFT_ASSET_SYMBOL_EXTENSIONS = YES;
				CLANG_ANALYZER_NONNULL = YES;
				CLANG_ANALYZER_NUMBER_OBJECT_CONVERSION = YES_AGGRESSIVE;
				CLANG_CXX_LANGUAGE_STANDARD = "gnu++20";
				CLANG_ENABLE_MODULES = YES;
				CLANG_ENABLE_OBJC_ARC = YES;
				CLANG_ENABLE_OBJC_WEAK = YES;
				CLANG_WARN_BLOCK_CAPTURE_AUTORELEASING = YES;
				CLANG_WARN_BOOL_CONVERSION = YES;
				CLANG_WARN_COMMA = YES;
				CLANG_WARN_CONSTANT_CONVERSION = YES;
				CLANG_WARN_DEPRECATED_OBJC_IMPLEMENTATIONS = YES;
				CLANG_WARN_DIRECT_OBJC_ISA_USAGE = YES_ERROR;
				CLANG_WARN_DOCUMENTATION_COMMENTS = YES;
				CLANG_WARN_EMPTY_BODY = YES;
				CLANG_WARN_ENUM_CONVERSION = YES;
				CLANG_WARN_INFINITE_RECURSION = YES;
				CLANG_WARN_INT_CONVERSION = YES;
				CLANG_WARN_NON_LITERAL_NULL_CONVERSION = YES;
				CLANG_WARN_OBJC_IMPLICIT_RETAIN_SELF = YES;
				CLANG_WARN_OBJC_LITERAL_CONVERSION = YES;
				CLANG_WARN_OBJC_ROOT_CLASS = YES_ERROR;
				CLANG_WARN_QUOTED_INCLUDE_IN_FRAMEWORK_HEADER = YES;
				CLANG_WARN_RANGE_LOOP_ANALYSIS = YES;
				CLANG_WARN_STRICT_PROTOTYPES = YES;
				CLANG_WARN_SUSPICIOUS_MOVE = YES;
				CLANG_WARN_UNGUARDED_AVAILABILITY = YES_AGGRESSIVE;
				CLANG_WARN_UNREACHABLE_CODE = YES;
				CLANG_WARN__DUPLICATE_METHOD_MATCH = YES;
				COPY_PHASE_STRIP = NO;
				DEBUG_INFORMATION_FORMAT = dwarf;
				ENABLE_STRICT_OBJC_MSGSEND = YES;
				ENABLE_TESTABILITY = YES;
				ENABLE_USER_SCRIPT_SANDBOXING = YES;
				GCC_C_LANGUAGE_STANDARD = gnu17;
				GCC_DYNAMIC_NO_PIC = NO;
				GCC_NO_COMMON_BLOCKS = YES;
				GCC_OPTIMIZATION_LEVEL = 0;
				GCC_PREPROCESSOR_DEFINITIONS = (
					"DEBUG=1",
					"$(inherited)",
				);
				GCC_WARN_64_TO_32_BIT_CONVERSION = YES;
				GCC_WARN_ABOUT_RETURN_TYPE = YES_ERROR;
				GCC_WARN_UNDECLARED_SELECTOR = YES;
				GCC_WARN_UNINITIALIZED_AUTOS = YES_AGGRESSIVE;
				GCC_WARN_UNUSED_FUNCTION = YES;
				GCC_WARN_UNUSED_VARIABLE = YES;
				IPHONEOS_DEPLOYMENT_TARGET = 17.5;
				LOCALIZATION_PREFERS_STRING_CATALOGS = YES;
				MTL_ENABLE_DEBUG_INFO = INCLUDE_SOURCE;
				MTL_FAST_MATH = YES;
				ONLY_ACTIVE_ARCH = YES;
				SDKROOT = iphoneos;
				SWIFT_ACTIVE_COMPILATION_CONDITIONS = "DEBUG $(inherited)";
				SWIFT_OPTIMIZATION_LEVEL = "-Onone";
			};
			name = Debug;
		};
		21BA7EB22D61B36C008EE413 /* Release */ = {
			isa = XCBuildConfiguration;
			buildSettings = {
				ALWAYS_SEARCH_USER_PATHS = NO;
				ASSETCATALOG_COMPILER_GENERATE_SWIFT_ASSET_SYMBOL_EXTENSIONS = YES;
				CLANG_ANALYZER_NONNULL = YES;
				CLANG_ANALYZER_NUMBER_OBJECT_CONVERSION = YES_AGGRESSIVE;
				CLANG_CXX_LANGUAGE_STANDARD = "gnu++20";
				CLANG_ENABLE_MODULES = YES;
				CLANG_ENABLE_OBJC_ARC = YES;
				CLANG_ENABLE_OBJC_WEAK = YES;
				CLANG_WARN_BLOCK_CAPTURE_AUTORELEASING = YES;
				CLANG_WARN_BOOL_CONVERSION = YES;
				CLANG_WARN_COMMA = YES;
				CLANG_WARN_CONSTANT_CONVERSION = YES;
				CLANG_WARN_DEPRECATED_OBJC_IMPLEMENTATIONS = YES;
				CLANG_WARN_DIRECT_OBJC_ISA_USAGE = YES_ERROR;
				CLANG_WARN_DOCUMENTATION_COMMENTS = YES;
				CLANG_WARN_EMPTY_BODY = YES;
				CLANG_WARN_ENUM_CONVERSION = YES;
				CLANG_WARN_INFINITE_RECURSION = YES;
				CLANG_WARN_INT_CONVERSION = YES;
				CLANG_WARN_NON_LITERAL_NULL_CONVERSION = YES;
				CLANG_WARN_OBJC_IMPLICIT_RETAIN_SELF = YES;
				CLANG_WARN_OBJC_LITERAL_CONVERSION = YES;
				CLANG_WARN_OBJC_ROOT_CLASS = YES_ERROR;
				CLANG_WARN_QUOTED_INCLUDE_IN_FRAMEWORK_HEADER = YES;
				CLANG_WARN_RANGE_LOOP_ANALYSIS = YES;
				CLANG_WARN_STRICT_PROTOTYPES = YES;
				CLANG_WARN_SUSPICIOUS_MOVE = YES;
				CLANG_WARN_UNGUARDED_AVAILABILITY = YES_AGGRESSIVE;
				CLANG_WARN_UNREACHABLE_CODE = YES;
				CLANG_WARN__DUPLICATE_METHOD_MATCH = YES;
				COPY_PHASE_STRIP = NO;
				DEBUG_INFORMATION_FORMAT = "dwarf-with-dsym";
				ENABLE_NS_ASSERTIONS = NO;
				ENABLE_STRICT_OBJC_MSGSEND = YES;
				ENABLE_USER_SCRIPT_SANDBOXING = YES;
				GCC_C_LANGUAGE_STANDARD = gnu17;
				GCC_NO_COMMON_BLOCKS = YES;
				GCC_WARN_64_TO_32_BIT_CONVERSION = YES;
				GCC_WARN_ABOUT_RETURN_TYPE = YES_ERROR;
				GCC_WARN_UNDECLARED_SELECTOR = YES;
				GCC_WARN_UNINITIALIZED_AUTOS = YES_AGGRESSIVE;
				GCC_WARN_UNUSED_FUNCTION = YES;
				GCC_WARN_UNUSED_VARIABLE = YES;
				IPHONEOS_DEPLOYMENT_TARGET = 17.5;
				LOCALIZATION_PREFERS_STRING_CATALOGS = YES;
				MTL_ENABLE_DEBUG_INFO = NO;
				MTL_FAST_MATH = YES;
				SDKROOT = iphoneos;
				SWIFT_COMPILATION_MODE = wholemodule;
				VALIDATE_PRODUCT = YES;
			};
			name = Release;
		};
		21BA7EB42D61B36C008EE413 /* Debug */ = {
			isa = XCBuildConfiguration;
			buildSettings = {
				ASSETCATALOG_COMPILER_APPICON_NAME = AppIcon;
				ASSETCATALOG_COMPILER_GLOBAL_ACCENT_COLOR_NAME = AccentColor;
				CODE_SIGN_IDENTITY = "Apple Development";
				CODE_SIGN_STYLE = Automatic;
				CURRENT_PROJECT_VERSION = 1;
				DEVELOPMENT_ASSET_PATHS = "\"PropifyManager/Preview Content\"";
				DEVELOPMENT_TEAM = 8V8ZQ8R5D9;
				ENABLE_PREVIEWS = YES;
				GENERATE_INFOPLIST_FILE = YES;
				INFOPLIST_KEY_CFBundleDisplayName = PropifyManager;
				INFOPLIST_KEY_UIApplicationSceneManifest_Generation = YES;
				INFOPLIST_KEY_UIApplicationSupportsIndirectInputEvents = YES;
				INFOPLIST_KEY_UILaunchScreen_Generation = YES;
				INFOPLIST_KEY_UISupportedInterfaceOrientations = UIInterfaceOrientationPortrait;
				IPHONEOS_DEPLOYMENT_TARGET = 17.0;
				LD_RUNPATH_SEARCH_PATHS = (
					"$(inherited)",
					"@executable_path/Frameworks",
				);
				MARKETING_VERSION = 1.0;
				PRODUCT_BUNDLE_IDENTIFIER = com.dlichz.Propify;
				PRODUCT_NAME = "$(TARGET_NAME)";
				PROVISIONING_PROFILE_SPECIFIER = "";
				SUPPORTED_PLATFORMS = "iphoneos iphonesimulator";
				SUPPORTS_MACCATALYST = NO;
				SUPPORTS_MAC_DESIGNED_FOR_IPHONE_IPAD = NO;
				SUPPORTS_XR_DESIGNED_FOR_IPHONE_IPAD = NO;
				SWIFT_EMIT_LOC_STRINGS = YES;
				SWIFT_VERSION = 5.0;
				TARGETED_DEVICE_FAMILY = "1,2";
			};
			name = Debug;
		};
		21BA7EB52D61B36C008EE413 /* Release */ = {
			isa = XCBuildConfiguration;
			buildSettings = {
				ASSETCATALOG_COMPILER_APPICON_NAME = AppIcon;
				ASSETCATALOG_COMPILER_GLOBAL_ACCENT_COLOR_NAME = AccentColor;
				CODE_SIGN_IDENTITY = "Apple Development";
				CODE_SIGN_STYLE = Automatic;
				CURRENT_PROJECT_VERSION = 1;
				DEVELOPMENT_ASSET_PATHS = "\"PropifyManager/Preview Content\"";
				DEVELOPMENT_TEAM = 8V8ZQ8R5D9;
				ENABLE_PREVIEWS = YES;
				GENERATE_INFOPLIST_FILE = YES;
				INFOPLIST_KEY_CFBundleDisplayName = PropifyManager;
				INFOPLIST_KEY_UIApplicationSceneManifest_Generation = YES;
				INFOPLIST_KEY_UIApplicationSupportsIndirectInputEvents = YES;
				INFOPLIST_KEY_UILaunchScreen_Generation = YES;
				INFOPLIST_KEY_UISupportedInterfaceOrientations = UIInterfaceOrientationPortrait;
				IPHONEOS_DEPLOYMENT_TARGET = 17.0;
				LD_RUNPATH_SEARCH_PATHS = (
					"$(inherited)",
					"@executable_path/Frameworks",
				);
				MARKETING_VERSION = 1.0;
				PRODUCT_BUNDLE_IDENTIFIER = com.dlichz.Propify;
				PRODUCT_NAME = "$(TARGET_NAME)";
				PROVISIONING_PROFILE_SPECIFIER = "";
				SUPPORTED_PLATFORMS = "iphoneos iphonesimulator";
				SUPPORTS_MACCATALYST = NO;
				SUPPORTS_MAC_DESIGNED_FOR_IPHONE_IPAD = NO;
				SUPPORTS_XR_DESIGNED_FOR_IPHONE_IPAD = NO;
				SWIFT_EMIT_LOC_STRINGS = YES;
				SWIFT_VERSION = 5.0;
				TARGETED_DEVICE_FAMILY = "1,2";
			};
			name = Release;
		};
		21BA7EB72D61B36C008EE413 /* Debug */ = {
			isa = XCBuildConfiguration;
			buildSettings = {
				ALWAYS_EMBED_SWIFT_STANDARD_LIBRARIES = YES;
				BUNDLE_LOADER = "$(TEST_HOST)";
				CODE_SIGN_STYLE = Automatic;
				CURRENT_PROJECT_VERSION = 1;
				DEVELOPMENT_TEAM = 8V8ZQ8R5D9;
				GENERATE_INFOPLIST_FILE = YES;
				IPHONEOS_DEPLOYMENT_TARGET = 17.5;
				MARKETING_VERSION = 1.0;
				PRODUCT_BUNDLE_IDENTIFIER = com.dlichz.PropifyManagerTests;
				PRODUCT_NAME = "$(TARGET_NAME)";
				SWIFT_EMIT_LOC_STRINGS = NO;
				SWIFT_VERSION = 5.0;
				TARGETED_DEVICE_FAMILY = "1,2";
				TEST_HOST = "$(BUILT_PRODUCTS_DIR)/PropifyManager.app/$(BUNDLE_EXECUTABLE_FOLDER_PATH)/PropifyManager";
			};
			name = Debug;
		};
		21BA7EB82D61B36C008EE413 /* Release */ = {
			isa = XCBuildConfiguration;
			buildSettings = {
				ALWAYS_EMBED_SWIFT_STANDARD_LIBRARIES = YES;
				BUNDLE_LOADER = "$(TEST_HOST)";
				CODE_SIGN_STYLE = Automatic;
				CURRENT_PROJECT_VERSION = 1;
				DEVELOPMENT_TEAM = 8V8ZQ8R5D9;
				GENERATE_INFOPLIST_FILE = YES;
				IPHONEOS_DEPLOYMENT_TARGET = 17.5;
				MARKETING_VERSION = 1.0;
				PRODUCT_BUNDLE_IDENTIFIER = com.dlichz.PropifyManagerTests;
				PRODUCT_NAME = "$(TARGET_NAME)";
				SWIFT_EMIT_LOC_STRINGS = NO;
				SWIFT_VERSION = 5.0;
				TARGETED_DEVICE_FAMILY = "1,2";
				TEST_HOST = "$(BUILT_PRODUCTS_DIR)/PropifyManager.app/$(BUNDLE_EXECUTABLE_FOLDER_PATH)/PropifyManager";
			};
			name = Release;
		};
		21BA7EBA2D61B36C008EE413 /* Debug */ = {
			isa = XCBuildConfiguration;
			buildSettings = {
				ALWAYS_EMBED_SWIFT_STANDARD_LIBRARIES = YES;
				CODE_SIGN_STYLE = Automatic;
				CURRENT_PROJECT_VERSION = 1;
				DEVELOPMENT_TEAM = 8V8ZQ8R5D9;
				GENERATE_INFOPLIST_FILE = YES;
				MARKETING_VERSION = 1.0;
				PRODUCT_BUNDLE_IDENTIFIER = com.dlichz.PropifyManagerUITests;
				PRODUCT_NAME = "$(TARGET_NAME)";
				SWIFT_EMIT_LOC_STRINGS = NO;
				SWIFT_VERSION = 5.0;
				TARGETED_DEVICE_FAMILY = "1,2";
				TEST_TARGET_NAME = PropifyManager;
			};
			name = Debug;
		};
		21BA7EBB2D61B36C008EE413 /* Release */ = {
			isa = XCBuildConfiguration;
			buildSettings = {
				ALWAYS_EMBED_SWIFT_STANDARD_LIBRARIES = YES;
				CODE_SIGN_STYLE = Automatic;
				CURRENT_PROJECT_VERSION = 1;
				DEVELOPMENT_TEAM = 8V8ZQ8R5D9;
				GENERATE_INFOPLIST_FILE = YES;
				MARKETING_VERSION = 1.0;
				PRODUCT_BUNDLE_IDENTIFIER = com.dlichz.PropifyManagerUITests;
				PRODUCT_NAME = "$(TARGET_NAME)";
				SWIFT_EMIT_LOC_STRINGS = NO;
				SWIFT_VERSION = 5.0;
				TARGETED_DEVICE_FAMILY = "1,2";
				TEST_TARGET_NAME = PropifyManager;
			};
			name = Release;
		};
/* End XCBuildConfiguration section */

/* Begin XCConfigurationList section */
		21BA7E8A2D61B36B008EE413 /* Build configuration list for PBXProject "PropifyManager" */ = {
			isa = XCConfigurationList;
			buildConfigurations = (
				21BA7EB12D61B36C008EE413 /* Debug */,
				21BA7EB22D61B36C008EE413 /* Release */,
			);
			defaultConfigurationIsVisible = 0;
			defaultConfigurationName = Release;
		};
		21BA7EB32D61B36C008EE413 /* Build configuration list for PBXNativeTarget "PropifyManager" */ = {
			isa = XCConfigurationList;
			buildConfigurations = (
				21BA7EB42D61B36C008EE413 /* Debug */,
				21BA7EB52D61B36C008EE413 /* Release */,
			);
			defaultConfigurationIsVisible = 0;
			defaultConfigurationName = Release;
		};
		21BA7EB62D61B36C008EE413 /* Build configuration list for PBXNativeTarget "PropifyManagerTests" */ = {
			isa = XCConfigurationList;
			buildConfigurations = (
				21BA7EB72D61B36C008EE413 /* Debug */,
				21BA7EB82D61B36C008EE413 /* Release */,
			);
			defaultConfigurationIsVisible = 0;
			defaultConfigurationName = Release;
		};
		21BA7EB92D61B36C008EE413 /* Build configuration list for PBXNativeTarget "PropifyManagerUITests" */ = {
			isa = XCConfigurationList;
			buildConfigurations = (
				21BA7EBA2D61B36C008EE413 /* Debug */,
				21BA7EBB2D61B36C008EE413 /* Release */,
			);
			defaultConfigurationIsVisible = 0;
			defaultConfigurationName = Release;
		};
/* End XCConfigurationList section */

/* Begin XCRemoteSwiftPackageReference section */
		21BA7EE62D61B412008EE413 /* XCRemoteSwiftPackageReference "firebase-ios-sdk" */ = {
			isa = XCRemoteSwiftPackageReference;
			repositoryURL = "https://github.com/firebase/firebase-ios-sdk";
			requirement = {
				kind = upToNextMajorVersion;
				minimumVersion = 11.8.1;
			};
		};
/* End XCRemoteSwiftPackageReference section */

/* Begin XCSwiftPackageProductDependency section */
		21BA7EE72D61B412008EE413 /* FirebaseAnalytics */ = {
			isa = XCSwiftPackageProductDependency;
			package = 21BA7EE62D61B412008EE413 /* XCRemoteSwiftPackageReference "firebase-ios-sdk" */;
			productName = FirebaseAnalytics;
		};
		21BA7EE92D61B412008EE413 /* FirebaseCrashlytics */ = {
			isa = XCSwiftPackageProductDependency;
			package = 21BA7EE62D61B412008EE413 /* XCRemoteSwiftPackageReference "firebase-ios-sdk" */;
			productName = FirebaseCrashlytics;
		};
		21BA7EEB2D61B412008EE413 /* FirebaseDatabase */ = {
			isa = XCSwiftPackageProductDependency;
			package = 21BA7EE62D61B412008EE413 /* XCRemoteSwiftPackageReference "firebase-ios-sdk" */;
			productName = FirebaseDatabase;
		};
		21BA7EED2D61B412008EE413 /* FirebaseFirestore */ = {
			isa = XCSwiftPackageProductDependency;
			package = 21BA7EE62D61B412008EE413 /* XCRemoteSwiftPackageReference "firebase-ios-sdk" */;
			productName = FirebaseFirestore;
		};
/* End XCSwiftPackageProductDependency section */
	};
	rootObject = 21BA7E872D61B36B008EE413 /* Project object */;
}
